// !$*UTF8*$!
{
	archiveVersion = 1;
	classes = {
	};
	objectVersion = 50;
	objects = {

/* Begin PBXBuildFile section */
		AAB247592418BE3F00F78E3A /* AppDelegate.swift in Sources */ = {isa = PBXBuildFile; fileRef = AAB247582418BE3F00F78E3A /* AppDelegate.swift */; };
		AAB2475C2418BE3F00F78E3A /* Test2.xcdatamodeld in Sources */ = {isa = PBXBuildFile; fileRef = AAB2475A2418BE3F00F78E3A /* Test2.xcdatamodeld */; };
		AAB2475E2418BE3F00F78E3A /* SceneDelegate.swift in Sources */ = {isa = PBXBuildFile; fileRef = AAB2475D2418BE3F00F78E3A /* SceneDelegate.swift */; };
		AAB247602418BE3F00F78E3A /* MasterViewController.swift in Sources */ = {isa = PBXBuildFile; fileRef = AAB2475F2418BE3F00F78E3A /* MasterViewController.swift */; };
		AAB247622418BE3F00F78E3A /* DetailViewController.swift in Sources */ = {isa = PBXBuildFile; fileRef = AAB247612418BE3F00F78E3A /* DetailViewController.swift */; };
		AAB247652418BE3F00F78E3A /* Main.storyboard in Resources */ = {isa = PBXBuildFile; fileRef = AAB247632418BE3F00F78E3A /* Main.storyboard */; };
		AAB247672418BE4400F78E3A /* Assets.xcassets in Resources */ = {isa = PBXBuildFile; fileRef = AAB247662418BE4400F78E3A /* Assets.xcassets */; };
		AAB2476A2418BE4400F78E3A /* LaunchScreen.storyboard in Resources */ = {isa = PBXBuildFile; fileRef = AAB247682418BE4400F78E3A /* LaunchScreen.storyboard */; };
		AAB247752418BE4400F78E3A /* Test2Tests.swift in Sources */ = {isa = PBXBuildFile; fileRef = AAB247742418BE4400F78E3A /* Test2Tests.swift */; };
		AAB247802418BE4500F78E3A /* Test2UITests.swift in Sources */ = {isa = PBXBuildFile; fileRef = AAB2477F2418BE4500F78E3A /* Test2UITests.swift */; };
/* End PBXBuildFile section */

/* Begin PBXContainerItemProxy section */
		AAB247712418BE4400F78E3A /* PBXContainerItemProxy */ = {
			isa = PBXContainerItemProxy;
			containerPortal = AAB2474D2418BE3F00F78E3A /* Project object */;
			proxyType = 1;
			remoteGlobalIDString = AAB247542418BE3F00F78E3A;
			remoteInfo = Test2;
		};
		AAB2477C2418BE4500F78E3A /* PBXContainerItemProxy */ = {
			isa = PBXContainerItemProxy;
			containerPortal = AAB2474D2418BE3F00F78E3A /* Project object */;
			proxyType = 1;
			remoteGlobalIDString = AAB247542418BE3F00F78E3A;
			remoteInfo = Test2;
		};
/* End PBXContainerItemProxy section */

/* Begin PBXFileReference section */
		AAB247552418BE3F00F78E3A /* Test2.app */ = {isa = PBXFileReference; explicitFileType = wrapper.application; includeInIndex = 0; path = Test2.app; sourceTree = BUILT_PRODUCTS_DIR; };
		AAB247582418BE3F00F78E3A /* AppDelegate.swift */ = {isa = PBXFileReference; lastKnownFileType = sourcecode.swift; path = AppDelegate.swift; sourceTree = "<group>"; };
		AAB2475B2418BE3F00F78E3A /* Test2.xcdatamodel */ = {isa = PBXFileReference; lastKnownFileType = wrapper.xcdatamodel; path = Test2.xcdatamodel; sourceTree = "<group>"; };
		AAB2475D2418BE3F00F78E3A /* SceneDelegate.swift */ = {isa = PBXFileReference; lastKnownFileType = sourcecode.swift; path = SceneDelegate.swift; sourceTree = "<group>"; };
		AAB2475F2418BE3F00F78E3A /* MasterViewController.swift */ = {isa = PBXFileReference; lastKnownFileType = sourcecode.swift; path = MasterViewController.swift; sourceTree = "<group>"; };
		AAB247612418BE3F00F78E3A /* DetailViewController.swift */ = {isa = PBXFileReference; lastKnownFileType = sourcecode.swift; path = DetailViewController.swift; sourceTree = "<group>"; };
		AAB247642418BE3F00F78E3A /* Base */ = {isa = PBXFileReference; lastKnownFileType = file.storyboard; name = Base; path = Base.lproj/Main.storyboard; sourceTree = "<group>"; };
		AAB247662418BE4400F78E3A /* Assets.xcassets */ = {isa = PBXFileReference; lastKnownFileType = folder.assetcatalog; path = Assets.xcassets; sourceTree = "<group>"; };
		AAB247692418BE4400F78E3A /* Base */ = {isa = PBXFileReference; lastKnownFileType = file.storyboard; name = Base; path = Base.lproj/LaunchScreen.storyboard; sourceTree = "<group>"; };
		AAB2476B2418BE4400F78E3A /* Info.plist */ = {isa = PBXFileReference; lastKnownFileType = text.plist.xml; path = Info.plist; sourceTree = "<group>"; };
		AAB247702418BE4400F78E3A /* Test2Tests.xctest */ = {isa = PBXFileReference; explicitFileType = wrapper.cfbundle; includeInIndex = 0; path = Test2Tests.xctest; sourceTree = BUILT_PRODUCTS_DIR; };
		AAB247742418BE4400F78E3A /* Test2Tests.swift */ = {isa = PBXFileReference; lastKnownFileType = sourcecode.swift; path = Test2Tests.swift; sourceTree = "<group>"; };
		AAB247762418BE4400F78E3A /* Info.plist */ = {isa = PBXFileReference; lastKnownFileType = text.plist.xml; path = Info.plist; sourceTree = "<group>"; };
		AAB2477B2418BE4500F78E3A /* Test2UITests.xctest */ = {isa = PBXFileReference; explicitFileType = wrapper.cfbundle; includeInIndex = 0; path = Test2UITests.xctest; sourceTree = BUILT_PRODUCTS_DIR; };
		AAB2477F2418BE4500F78E3A /* Test2UITests.swift */ = {isa = PBXFileReference; lastKnownFileType = sourcecode.swift; path = Test2UITests.swift; sourceTree = "<group>"; };
		AAB247812418BE4500F78E3A /* Info.plist */ = {isa = PBXFileReference; lastKnownFileType = text.plist.xml; path = Info.plist; sourceTree = "<group>"; };
/* End PBXFileReference section */

/* Begin PBXFrameworksBuildPhase section */
		AAB247522418BE3F00F78E3A /* Frameworks */ = {
			isa = PBXFrameworksBuildPhase;
			buildActionMask = 2147483647;
			files = (
			);
			runOnlyForDeploymentPostprocessing = 0;
		};
		AAB2476D2418BE4400F78E3A /* Frameworks */ = {
			isa = PBXFrameworksBuildPhase;
			buildActionMask = 2147483647;
			files = (
			);
			runOnlyForDeploymentPostprocessing = 0;
		};
		AAB247782418BE4500F78E3A /* Frameworks */ = {
			isa = PBXFrameworksBuildPhase;
			buildActionMask = 2147483647;
			files = (
			);
			runOnlyForDeploymentPostprocessing = 0;
		};
/* End PBXFrameworksBuildPhase section */

/* Begin PBXGroup section */
		AAB2474C2418BE3F00F78E3A = {
			isa = PBXGroup;
			children = (
				AAB247572418BE3F00F78E3A /* Test2 */,
				AAB247732418BE4400F78E3A /* Test2Tests */,
				AAB2477E2418BE4500F78E3A /* Test2UITests */,
				AAB247562418BE3F00F78E3A /* Products */,
			);
			sourceTree = "<group>";
		};
		AAB247562418BE3F00F78E3A /* Products */ = {
			isa = PBXGroup;
			children = (
				AAB247552418BE3F00F78E3A /* Test2.app */,
				AAB247702418BE4400F78E3A /* Test2Tests.xctest */,
				AAB2477B2418BE4500F78E3A /* Test2UITests.xctest */,
			);
			name = Products;
			sourceTree = "<group>";
		};
		AAB247572418BE3F00F78E3A /* Test2 */ = {
			isa = PBXGroup;
			children = (
				AAB247582418BE3F00F78E3A /* AppDelegate.swift */,
				AAB2475D2418BE3F00F78E3A /* SceneDelegate.swift */,
				AAB2475F2418BE3F00F78E3A /* MasterViewController.swift */,
				AAB247612418BE3F00F78E3A /* DetailViewController.swift */,
				AAB247632418BE3F00F78E3A /* Main.storyboard */,
				AAB247662418BE4400F78E3A /* Assets.xcassets */,
				AAB247682418BE4400F78E3A /* LaunchScreen.storyboard */,
				AAB2476B2418BE4400F78E3A /* Info.plist */,
				AAB2475A2418BE3F00F78E3A /* Test2.xcdatamodeld */,
			);
			path = Test2;
			sourceTree = "<group>";
		};
		AAB247732418BE4400F78E3A /* Test2Tests */ = {
			isa = PBXGroup;
			children = (
				AAB247742418BE4400F78E3A /* Test2Tests.swift */,
				AAB247762418BE4400F78E3A /* Info.plist */,
			);
			path = Test2Tests;
			sourceTree = "<group>";
		};
		AAB2477E2418BE4500F78E3A /* Test2UITests */ = {
			isa = PBXGroup;
			children = (
				AAB2477F2418BE4500F78E3A /* Test2UITests.swift */,
				AAB247812418BE4500F78E3A /* Info.plist */,
			);
			path = Test2UITests;
			sourceTree = "<group>";
		};
/* End PBXGroup section */

/* Begin PBXNativeTarget section */
		AAB247542418BE3F00F78E3A /* Test2 */ = {
			isa = PBXNativeTarget;
			buildConfigurationList = AAB247842418BE4500F78E3A /* Build configuration list for PBXNativeTarget "Test2" */;
			buildPhases = (
				AAB247512418BE3F00F78E3A /* Sources */,
				AAB247522418BE3F00F78E3A /* Frameworks */,
				AAB247532418BE3F00F78E3A /* Resources */,
			);
			buildRules = (
			);
			dependencies = (
			);
			name = Test2;
			productName = Test2;
			productReference = AAB247552418BE3F00F78E3A /* Test2.app */;
			productType = "com.apple.product-type.application";
		};
		AAB2476F2418BE4400F78E3A /* Test2Tests */ = {
			isa = PBXNativeTarget;
			buildConfigurationList = AAB247872418BE4500F78E3A /* Build configuration list for PBXNativeTarget "Test2Tests" */;
			buildPhases = (
				AAB2476C2418BE4400F78E3A /* Sources */,
				AAB2476D2418BE4400F78E3A /* Frameworks */,
				AAB2476E2418BE4400F78E3A /* Resources */,
			);
			buildRules = (
			);
			dependencies = (
				AAB247722418BE4400F78E3A /* PBXTargetDependency */,
			);
			name = Test2Tests;
			productName = Test2Tests;
			productReference = AAB247702418BE4400F78E3A /* Test2Tests.xctest */;
			productType = "com.apple.product-type.bundle.unit-test";
		};
		AAB2477A2418BE4500F78E3A /* Test2UITests */ = {
			isa = PBXNativeTarget;
			buildConfigurationList = AAB2478A2418BE4500F78E3A /* Build configuration list for PBXNativeTarget "Test2UITests" */;
			buildPhases = (
				AAB247772418BE4500F78E3A /* Sources */,
				AAB247782418BE4500F78E3A /* Frameworks */,
				AAB247792418BE4500F78E3A /* Resources */,
			);
			buildRules = (
			);
			dependencies = (
				AAB2477D2418BE4500F78E3A /* PBXTargetDependency */,
			);
			name = Test2UITests;
			productName = Test2UITests;
			productReference = AAB2477B2418BE4500F78E3A /* Test2UITests.xctest */;
			productType = "com.apple.product-type.bundle.ui-testing";
		};
/* End PBXNativeTarget section */

/* Begin PBXProject section */
		AAB2474D2418BE3F00F78E3A /* Project object */ = {
			isa = PBXProject;
			attributes = {
				LastSwiftUpdateCheck = 1130;
				LastUpgradeCheck = 1130;
				ORGANIZATIONNAME = "Rheza Pahlevi";
				TargetAttributes = {
					AAB247542418BE3F00F78E3A = {
						CreatedOnToolsVersion = 11.3.1;
					};
					AAB2476F2418BE4400F78E3A = {
						CreatedOnToolsVersion = 11.3.1;
						TestTargetID = AAB247542418BE3F00F78E3A;
					};
					AAB2477A2418BE4500F78E3A = {
						CreatedOnToolsVersion = 11.3.1;
						TestTargetID = AAB247542418BE3F00F78E3A;
					};
				};
			};
			buildConfigurationList = AAB247502418BE3F00F78E3A /* Build configuration list for PBXProject "Test2" */;
			compatibilityVersion = "Xcode 9.3";
			developmentRegion = en;
			hasScannedForEncodings = 0;
			knownRegions = (
				en,
				Base,
			);
			mainGroup = AAB2474C2418BE3F00F78E3A;
			productRefGroup = AAB247562418BE3F00F78E3A /* Products */;
			projectDirPath = "";
			projectRoot = "";
			targets = (
				AAB247542418BE3F00F78E3A /* Test2 */,
				AAB2476F2418BE4400F78E3A /* Test2Tests */,
				AAB2477A2418BE4500F78E3A /* Test2UITests */,
			);
		};
/* End PBXProject section */

/* Begin PBXResourcesBuildPhase section */
		AAB247532418BE3F00F78E3A /* Resources */ = {
			isa = PBXResourcesBuildPhase;
			buildActionMask = 2147483647;
			files = (
				AAB2476A2418BE4400F78E3A /* LaunchScreen.storyboard in Resources */,
				AAB247672418BE4400F78E3A /* Assets.xcassets in Resources */,
				AAB247652418BE3F00F78E3A /* Main.storyboard in Resources */,
			);
			runOnlyForDeploymentPostprocessing = 0;
		};
		AAB2476E2418BE4400F78E3A /* Resources */ = {
			isa = PBXResourcesBuildPhase;
			buildActionMask = 2147483647;
			files = (
			);
			runOnlyForDeploymentPostprocessing = 0;
		};
		AAB247792418BE4500F78E3A /* Resources */ = {
			isa = PBXResourcesBuildPhase;
			buildActionMask = 2147483647;
			files = (
			);
			runOnlyForDeploymentPostprocessing = 0;
		};
/* End PBXResourcesBuildPhase section */

/* Begin PBXSourcesBuildPhase section */
		AAB247512418BE3F00F78E3A /* Sources */ = {
			isa = PBXSourcesBuildPhase;
			buildActionMask = 2147483647;
			files = (
				AAB247602418BE3F00F78E3A /* MasterViewController.swift in Sources */,
				AAB2475C2418BE3F00F78E3A /* Test2.xcdatamodeld in Sources */,
				AAB247622418BE3F00F78E3A /* DetailViewController.swift in Sources */,
				AAB247592418BE3F00F78E3A /* AppDelegate.swift in Sources */,
				AAB2475E2418BE3F00F78E3A /* SceneDelegate.swift in Sources */,
			);
			runOnlyForDeploymentPostprocessing = 0;
		};
		AAB2476C2418BE4400F78E3A /* Sources */ = {
			isa = PBXSourcesBuildPhase;
			buildActionMask = 2147483647;
			files = (
				AAB247752418BE4400F78E3A /* Test2Tests.swift in Sources */,
			);
			runOnlyForDeploymentPostprocessing = 0;
		};
		AAB247772418BE4500F78E3A /* Sources */ = {
			isa = PBXSourcesBuildPhase;
			buildActionMask = 2147483647;
			files = (
				AAB247802418BE4500F78E3A /* Test2UITests.swift in Sources */,
			);
			runOnlyForDeploymentPostprocessing = 0;
		};
/* End PBXSourcesBuildPhase section */

/* Begin PBXTargetDependency section */
		AAB247722418BE4400F78E3A /* PBXTargetDependency */ = {
			isa = PBXTargetDependency;
			target = AAB247542418BE3F00F78E3A /* Test2 */;
			targetProxy = AAB247712418BE4400F78E3A /* PBXContainerItemProxy */;
		};
		AAB2477D2418BE4500F78E3A /* PBXTargetDependency */ = {
			isa = PBXTargetDependency;
			target = AAB247542418BE3F00F78E3A /* Test2 */;
			targetProxy = AAB2477C2418BE4500F78E3A /* PBXContainerItemProxy */;
		};
/* End PBXTargetDependency section */

/* Begin PBXVariantGroup section */
		AAB247632418BE3F00F78E3A /* Main.storyboard */ = {
			isa = PBXVariantGroup;
			children = (
				AAB247642418BE3F00F78E3A /* Base */,
			);
			name = Main.storyboard;
			sourceTree = "<group>";
		};
		AAB247682418BE4400F78E3A /* LaunchScreen.storyboard */ = {
			isa = PBXVariantGroup;
			children = (
				AAB247692418BE4400F78E3A /* Base */,
			);
			name = LaunchScreen.storyboard;
			sourceTree = "<group>";
		};
/* End PBXVariantGroup section */

/* Begin XCBuildConfiguration section */
		AAB247822418BE4500F78E3A /* Debug */ = {
			isa = XCBuildConfiguration;
			buildSettings = {
				ALWAYS_SEARCH_USER_PATHS = NO;
				CLANG_ANALYZER_NONNULL = YES;
				CLANG_ANALYZER_NUMBER_OBJECT_CONVERSION = YES_AGGRESSIVE;
				CLANG_CXX_LANGUAGE_STANDARD = "gnu++14";
				CLANG_CXX_LIBRARY = "libc++";
				CLANG_ENABLE_MODULES = YES;
				CLANG_ENABLE_OBJC_ARC = YES;
				CLANG_ENABLE_OBJC_WEAK = YES;
				CLANG_WARN_BLOCK_CAPTURE_AUTORELEASING = YES;
				CLANG_WARN_BOOL_CONVERSION = YES;
				CLANG_WARN_COMMA = YES;
				CLANG_WARN_CONSTANT_CONVERSION = YES;
				CLANG_WARN_DEPRECATED_OBJC_IMPLEMENTATIONS = YES;
				CLANG_WARN_DIRECT_OBJC_ISA_USAGE = YES_ERROR;
				CLANG_WARN_DOCUMENTATION_COMMENTS = YES;
				CLANG_WARN_EMPTY_BODY = YES;
				CLANG_WARN_ENUM_CONVERSION = YES;
				CLANG_WARN_INFINITE_RECURSION = YES;
				CLANG_WARN_INT_CONVERSION = YES;
				CLANG_WARN_NON_LITERAL_NULL_CONVERSION = YES;
				CLANG_WARN_OBJC_IMPLICIT_RETAIN_SELF = YES;
				CLANG_WARN_OBJC_LITERAL_CONVERSION = YES;
				CLANG_WARN_OBJC_ROOT_CLASS = YES_ERROR;
				CLANG_WARN_RANGE_LOOP_ANALYSIS = YES;
				CLANG_WARN_STRICT_PROTOTYPES = YES;
				CLANG_WARN_SUSPICIOUS_MOVE = YES;
				CLANG_WARN_UNGUARDED_AVAILABILITY = YES_AGGRESSIVE;
				CLANG_WARN_UNREACHABLE_CODE = YES;
				CLANG_WARN__DUPLICATE_METHOD_MATCH = YES;
				COPY_PHASE_STRIP = NO;
				DEBUG_INFORMATION_FORMAT = dwarf;
				ENABLE_STRICT_OBJC_MSGSEND = YES;
				ENABLE_TESTABILITY = YES;
				GCC_C_LANGUAGE_STANDARD = gnu11;
				GCC_DYNAMIC_NO_PIC = NO;
				GCC_NO_COMMON_BLOCKS = YES;
				GCC_OPTIMIZATION_LEVEL = 0;
				GCC_PREPROCESSOR_DEFINITIONS = (
					"DEBUG=1",
					"$(inherited)",
				);
				GCC_WARN_64_TO_32_BIT_CONVERSION = YES;
				GCC_WARN_ABOUT_RETURN_TYPE = YES_ERROR;
				GCC_WARN_UNDECLARED_SELECTOR = YES;
				GCC_WARN_UNINITIALIZED_AUTOS = YES_AGGRESSIVE;
				GCC_WARN_UNUSED_FUNCTION = YES;
				GCC_WARN_UNUSED_VARIABLE = YES;
				IPHONEOS_DEPLOYMENT_TARGET = 13.2;
				MTL_ENABLE_DEBUG_INFO = INCLUDE_SOURCE;
				MTL_FAST_MATH = YES;
				ONLY_ACTIVE_ARCH = YES;
				SDKROOT = iphoneos;
				SWIFT_ACTIVE_COMPILATION_CONDITIONS = DEBUG;
				SWIFT_OPTIMIZATION_LEVEL = "-Onone";
			};
			name = Debug;
		};
		AAB247832418BE4500F78E3A /* Release */ = {
			isa = XCBuildConfiguration;
			buildSettings = {
				ALWAYS_SEARCH_USER_PATHS = NO;
				CLANG_ANALYZER_NONNULL = YES;
				CLANG_ANALYZER_NUMBER_OBJECT_CONVERSION = YES_AGGRESSIVE;
				CLANG_CXX_LANGUAGE_STANDARD = "gnu++14";
				CLANG_CXX_LIBRARY = "libc++";
				CLANG_ENABLE_MODULES = YES;
				CLANG_ENABLE_OBJC_ARC = YES;
				CLANG_ENABLE_OBJC_WEAK = YES;
				CLANG_WARN_BLOCK_CAPTURE_AUTORELEASING = YES;
				CLANG_WARN_BOOL_CONVERSION = YES;
				CLANG_WARN_COMMA = YES;
				CLANG_WARN_CONSTANT_CONVERSION = YES;
				CLANG_WARN_DEPRECATED_OBJC_IMPLEMENTATIONS = YES;
				CLANG_WARN_DIRECT_OBJC_ISA_USAGE = YES_ERROR;
				CLANG_WARN_DOCUMENTATION_COMMENTS = YES;
				CLANG_WARN_EMPTY_BODY = YES;
				CLANG_WARN_ENUM_CONVERSION = YES;
				CLANG_WARN_INFINITE_RECURSION = YES;
				CLANG_WARN_INT_CONVERSION = YES;
				CLANG_WARN_NON_LITERAL_NULL_CONVERSION = YES;
				CLANG_WARN_OBJC_IMPLICIT_RETAIN_SELF = YES;
				CLANG_WARN_OBJC_LITERAL_CONVERSION = YES;
				CLANG_WARN_OBJC_ROOT_CLASS = YES_ERROR;
				CLANG_WARN_RANGE_LOOP_ANALYSIS = YES;
				CLANG_WARN_STRICT_PROTOTYPES = YES;
				CLANG_WARN_SUSPICIOUS_MOVE = YES;
				CLANG_WARN_UNGUARDED_AVAILABILITY = YES_AGGRESSIVE;
				CLANG_WARN_UNREACHABLE_CODE = YES;
				CLANG_WARN__DUPLICATE_METHOD_MATCH = YES;
				COPY_PHASE_STRIP = NO;
				DEBUG_INFORMATION_FORMAT = "dwarf-with-dsym";
				ENABLE_NS_ASSERTIONS = NO;
				ENABLE_STRICT_OBJC_MSGSEND = YES;
				GCC_C_LANGUAGE_STANDARD = gnu11;
				GCC_NO_COMMON_BLOCKS = YES;
				GCC_WARN_64_TO_32_BIT_CONVERSION = YES;
				GCC_WARN_ABOUT_RETURN_TYPE = YES_ERROR;
				GCC_WARN_UNDECLARED_SELECTOR = YES;
				GCC_WARN_UNINITIALIZED_AUTOS = YES_AGGRESSIVE;
				GCC_WARN_UNUSED_FUNCTION = YES;
				GCC_WARN_UNUSED_VARIABLE = YES;
				IPHONEOS_DEPLOYMENT_TARGET = 13.2;
				MTL_ENABLE_DEBUG_INFO = NO;
				MTL_FAST_MATH = YES;
				SDKROOT = iphoneos;
				SWIFT_COMPILATION_MODE = wholemodule;
				SWIFT_OPTIMIZATION_LEVEL = "-O";
				VALIDATE_PRODUCT = YES;
			};
			name = Release;
		};
		AAB247852418BE4500F78E3A /* Debug */ = {
			isa = XCBuildConfiguration;
			buildSettings = {
				ASSETCATALOG_COMPILER_APPICON_NAME = AppIcon;
				CODE_SIGN_STYLE = Automatic;
				DEVELOPMENT_TEAM = 6XXY3AW77Z;
				INFOPLIST_FILE = Test2/Info.plist;
				LD_RUNPATH_SEARCH_PATHS = (
					"$(inherited)",
					"@executable_path/Frameworks",
				);
				PRODUCT_BUNDLE_IDENTIFIER = com.robert.Test2;
				PRODUCT_NAME = "$(TARGET_NAME)";
				SWIFT_VERSION = 5.0;
				TARGETED_DEVICE_FAMILY = "1,2";
			};
			name = Debug;
		};
		AAB247862418BE4500F78E3A /* Release */ = {
			isa = XCBuildConfiguration;
			buildSettings = {
				ASSETCATALOG_COMPILER_APPICON_NAME = AppIcon;
				CODE_SIGN_STYLE = Automatic;
				DEVELOPMENT_TEAM = 6XXY3AW77Z;
				INFOPLIST_FILE = Test2/Info.plist;
				LD_RUNPATH_SEARCH_PATHS = (
					"$(inherited)",
					"@executable_path/Frameworks",
				);
				PRODUCT_BUNDLE_IDENTIFIER = com.robert.Test2;
				PRODUCT_NAME = "$(TARGET_NAME)";
				SWIFT_VERSION = 5.0;
				TARGETED_DEVICE_FAMILY = "1,2";
			};
			name = Release;
		};
		AAB247882418BE4500F78E3A /* Debug */ = {
			isa = XCBuildConfiguration;
			buildSettings = {
				ALWAYS_EMBED_SWIFT_STANDARD_LIBRARIES = YES;
				BUNDLE_LOADER = "$(TEST_HOST)";
				CODE_SIGN_STYLE = Automatic;
				DEVELOPMENT_TEAM = 6XXY3AW77Z;
				INFOPLIST_FILE = Test2Tests/Info.plist;
				IPHONEOS_DEPLOYMENT_TARGET = 13.2;
				LD_RUNPATH_SEARCH_PATHS = (
					"$(inherited)",
					"@executable_path/Frameworks",
					"@loader_path/Frameworks",
				);
				PRODUCT_BUNDLE_IDENTIFIER = com.robert.Test2Tests;
				PRODUCT_NAME = "$(TARGET_NAME)";
				SWIFT_VERSION = 5.0;
				TARGETED_DEVICE_FAMILY = "1,2";
				TEST_HOST = "$(BUILT_PRODUCTS_DIR)/Test2.app/Test2";
			};
			name = Debug;
		};
		AAB247892418BE4500F78E3A /* Release */ = {
			isa = XCBuildConfiguration;
			buildSettings = {
				ALWAYS_EMBED_SWIFT_STANDARD_LIBRARIES = YES;
				BUNDLE_LOADER = "$(TEST_HOST)";
				CODE_SIGN_STYLE = Automatic;
				DEVELOPMENT_TEAM = 6XXY3AW77Z;
				INFOPLIST_FILE = Test2Tests/Info.plist;
				IPHONEOS_DEPLOYMENT_TARGET = 13.2;
				LD_RUNPATH_SEARCH_PATHS = (
					"$(inherited)",
					"@executable_path/Frameworks",
					"@loader_path/Frameworks",
				);
				PRODUCT_BUNDLE_IDENTIFIER = com.robert.Test2Tests;
				PRODUCT_NAME = "$(TARGET_NAME)";
				SWIFT_VERSION = 5.0;
				TARGETED_DEVICE_FAMILY = "1,2";
				TEST_HOST = "$(BUILT_PRODUCTS_DIR)/Test2.app/Test2";
			};
			name = Release;
		};
		AAB2478B2418BE4500F78E3A /* Debug */ = {
			isa = XCBuildConfiguration;
			buildSettings = {
				ALWAYS_EMBED_SWIFT_STANDARD_LIBRARIES = YES;
				CODE_SIGN_STYLE = Automatic;
				DEVELOPMENT_TEAM = 6XXY3AW77Z;
				INFOPLIST_FILE = Test2UITests/Info.plist;
				LD_RUNPATH_SEARCH_PATHS = (
					"$(inherited)",
					"@executable_path/Frameworks",
					"@loader_path/Frameworks",
				);
				PRODUCT_BUNDLE_IDENTIFIER = com.robert.Test2UITests;
				PRODUCT_NAME = "$(TARGET_NAME)";
				SWIFT_VERSION = 5.0;
				TARGETED_DEVICE_FAMILY = "1,2";
				TEST_TARGET_NAME = Test2;
			};
			name = Debug;
		};
		AAB2478C2418BE4500F78E3A /* Release */ = {
			isa = XCBuildConfiguration;
			buildSettings = {
				ALWAYS_EMBED_SWIFT_STANDARD_LIBRARIES = YES;
				CODE_SIGN_STYLE = Automatic;
				DEVELOPMENT_TEAM = 6XXY3AW77Z;
				INFOPLIST_FILE = Test2UITests/Info.plist;
				LD_RUNPATH_SEARCH_PATHS = (
					"$(inherited)",
					"@executable_path/Frameworks",
					"@loader_path/Frameworks",
				);
				PRODUCT_BUNDLE_IDENTIFIER = com.robert.Test2UITests;
				PRODUCT_NAME = "$(TARGET_NAME)";
				SWIFT_VERSION = 5.0;
				TARGETED_DEVICE_FAMILY = "1,2";
				TEST_TARGET_NAME = Test2;
			};
			name = Release;
		};
/* End XCBuildConfiguration section */

/* Begin XCConfigurationList section */
		AAB247502418BE3F00F78E3A /* Build configuration list for PBXProject "Test2" */ = {
			isa = XCConfigurationList;
			buildConfigurations = (
				AAB247822418BE4500F78E3A /* Debug */,
				AAB247832418BE4500F78E3A /* Release */,
			);
			defaultConfigurationIsVisible = 0;
			defaultConfigurationName = Release;
		};
		AAB247842418BE4500F78E3A /* Build configuration list for PBXNativeTarget "Test2" */ = {
			isa = XCConfigurationList;
			buildConfigurations = (
				AAB247852418BE4500F78E3A /* Debug */,
				AAB247862418BE4500F78E3A /* Release */,
			);
			defaultConfigurationIsVisible = 0;
			defaultConfigurationName = Release;
		};
		AAB247872418BE4500F78E3A /* Build configuration list for PBXNativeTarget "Test2Tests" */ = {
			isa = XCConfigurationList;
			buildConfigurations = (
				AAB247882418BE4500F78E3A /* Debug */,
				AAB247892418BE4500F78E3A /* Release */,
			);
			defaultConfigurationIsVisible = 0;
			defaultConfigurationName = Release;
		};
		AAB2478A2418BE4500F78E3A /* Build configuration list for PBXNativeTarget "Test2UITests" */ = {
			isa = XCConfigurationList;
			buildConfigurations = (
				AAB2478B2418BE4500F78E3A /* Debug */,
				AAB2478C2418BE4500F78E3A /* Release */,
			);
			defaultConfigurationIsVisible = 0;
			defaultConfigurationName = Release;
		};
/* End XCConfigurationList section */

/* Begin XCVersionGroup section */
		AAB2475A2418BE3F00F78E3A /* Test2.xcdatamodeld */ = {
			isa = XCVersionGroup;
			children = (
				AAB2475B2418BE3F00F78E3A /* Test2.xcdatamodel */,
			);
			currentVersion = AAB2475B2418BE3F00F78E3A /* Test2.xcdatamodel */;
			path = Test2.xcdatamodeld;
			sourceTree = "<group>";
			versionGroupType = wrapper.xcdatamodel;
		};
/* End XCVersionGroup section */
	};
	rootObject = AAB2474D2418BE3F00F78E3A /* Project object */;
}
